PODS:
  - GJTAdditionKit (0.0.4)
  - GJTControlsKit (0.0.6):
    - GJTAdditionKit
  - GJTDebugerManager (0.1.0):
    - GJTAdditionKit
    - GJTControlsKit
    - GJTMvvmKit
  - GJTMvvmKit (0.0.2):
    - GJTAdditionKit
    - GJTControlsKit
    - Masonry
    - ReactiveObjC
  - Masonry (1.1.0)
  - ReactiveObjC (3.1.1)

DEPENDENCIES:
  - GJTDebugerManager (from `../`)

SPEC REPOS:
  trunk:
    - GJTAdditionKit
    - GJTControlsKit
    - GJTMvvmKit
    - Masonry
    - ReactiveObjC

EXTERNAL SOURCES:
  GJTDebugerManager:
    :path: "../"

SPEC CHECKSUMS:
  GJTAdditionKit: 6ee41661512e4aa2142469ad018f387d30eb850b
  GJTControlsKit: 58f942e8c2b6401ba26ff25d5210dd8acf15fc54
  GJTDebugerManager: 4909a8569a6afdad7139ea1be50ae70fed919197
  GJTMvvmKit: f613e88767f46d2b88822e09787f8b4da6976b37
  Masonry: 678fab65091a9290e40e2832a55e7ab731aad201
  ReactiveObjC: 011caa393aa0383245f2dcf9bf02e86b80b36040

PODFILE CHECKSUM: 5ac79e246657ea95b71876828e26b126eb926e3f

COCOAPODS: 1.10.1
